
Microsoft Visual Studio Solution File, Format Version 12.00
# Visual Studio Version 16
VisualStudioVersion = 16.0.29102.190
MinimumVisualStudioVersion = 10.0.40219.1
Project("{FAE04EC0-301F-11D3-BF4B-00C04F79EFBC}") = "trabalho g1 parte2", "trabalho g1 parte2\trabalho g1 parte2.csproj", "{79CF04A1-C512-4EB8-B27B-42A55B8D057F}"
EndProject
Global
	GlobalSection(SolutionConfigurationPlatforms) = preSolution
		Debug|Any CPU = Debug|Any CPU
		Release|Any CPU = Release|Any CPU
	EndGlobalSection
	GlobalSection(ProjectConfigurationPlatforms) = postSolution
		{79CF04A1-C512-4EB8-B27B-42A55B8D057F}.Debug|Any CPU.ActiveCfg = Debug|Any CPU
		{79CF04A1-C512-4EB8-B27B-42A55B8D057F}.Debug|Any CPU.Build.0 = Debug|Any CPU
		{79CF04A1-C512-4EB8-B27B-42A55B8D057F}.Release|Any CPU.ActiveCfg = Release|Any CPU
		{79CF04A1-C512-4EB8-B27B-42A55B8D057F}.Release|Any CPU.Build.0 = Release|Any CPU
	EndGlobalSection
	GlobalSection(SolutionProperties) = preSolution
		HideSolutionNode = FALSE
	EndGlobalSection
	GlobalSection(ExtensibilityGlobals) = postSolution
		SolutionGuid = {F9AB61E7-6360-4BA8-A5B1-699B98661FDC}
	EndGlobalSection
EndGlobal
